{
  "pins" : [
    {
      "identity" : "calcpackdos",
      "kind" : "remoteSourceControl",
      "location" : "https://github.com/robzmud/CalcPackDos.git",
      "state" : {
        "branch" : "main",
        "revision" : "b1d92c48b196e49d1340d9f1e1f139a6fbd17f68"
      }
    },
    {
      "identity" : "calcpacktres",
      "kind" : "remoteSourceControl",
      "location" : "https://github.com/robzmud/CalcPackTres.git",
      "state" : {
        "branch" : "main",
        "revision" : "999729f57eda429bf2323a0212c8978524ae0e1a"
      }
    },
    {
      "identity" : "calcpackuno",
      "kind" : "remoteSourceControl",
      "location" : "https://phxroberts@bitbucket.org/phxroberts/calcpackuno.git",
      "state" : {
        "branch" : "main",
        "revision" : "0e6e10acf4f155e644ea333048586d28fa661da4"
      }
    },
    {
      "identity" : "sqlite.swift",
      "kind" : "remoteSourceControl",
      "location" : "https://github.com/stephencelis/SQLite.swift.git",
      "state" : {
        "revision" : "4d543d811ee644fa4cc4bfa0be996b4dd6ba0f54",
        "version" : "0.13.3"
      }
    },
    {
      "identity" : "swift-log",
      "kind" : "remoteSourceControl",
      "location" : "https://github.com/apple/swift-log",
      "state" : {
        "revision" : "6fe203dc33195667ce1759bf0182975e4653ba1c",
        "version" : "1.4.4"
      }
    }
  ],
  "version" : 2
}
