{
  "pins" : [
    {
      "identity" : "calcpacktres",
      "kind" : "remoteSourceControl",
      "location" : "https://github.com/rzmudzin/CalcPackTres.git",
      "state" : {
        "branch" : "main",
        "revision" : "e5402f1e0c456f92f51b9b45f6d2131a8f458aed"
      }
    },
    {
      "identity" : "calcpackuno",
      "kind" : "remoteSourceControl",
      "location" : "https://phxroberts@bitbucket.org/phxroberts/calcpackuno.git",
      "state" : {
        "branch" : "main",
        "revision" : "0e6e10acf4f155e644ea333048586d28fa661da4"
      }
    },
    {
      "identity" : "swift-log",
      "kind" : "remoteSourceControl",
      "location" : "https://github.com/apple/swift-log",
      "state" : {
        "revision" : "6fe203dc33195667ce1759bf0182975e4653ba1c",
        "version" : "1.4.4"
      }
    }
  ],
  "version" : 2
}
